
Microsoft Visual Studio Solution File, Format Version 12.00
# Visual Studio Version 16
VisualStudioVersion = 16.0.31424.327
MinimumVisualStudioVersion = 10.0.40219.1
Project("{FAE04EC0-301F-11D3-BF4B-00C04F79EFBC}") = "laba2v2", "laba2v2\laba2v2.csproj", "{29C9C862-AD9D-4659-8AA5-E6E7B988CD60}"
EndProject
Global
	GlobalSection(SolutionConfigurationPlatforms) = preSolution
		Debug|Any CPU = Debug|Any CPU
		Release|Any CPU = Release|Any CPU
	EndGlobalSection
	GlobalSection(ProjectConfigurationPlatforms) = postSolution
		{29C9C862-AD9D-4659-8AA5-E6E7B988CD60}.Debug|Any CPU.ActiveCfg = Debug|Any CPU
		{29C9C862-AD9D-4659-8AA5-E6E7B988CD60}.Debug|Any CPU.Build.0 = Debug|Any CPU
		{29C9C862-AD9D-4659-8AA5-E6E7B988CD60}.Release|Any CPU.ActiveCfg = Release|Any CPU
		{29C9C862-AD9D-4659-8AA5-E6E7B988CD60}.Release|Any CPU.Build.0 = Release|Any CPU
	EndGlobalSection
	GlobalSection(SolutionProperties) = preSolution
		HideSolutionNode = FALSE
	EndGlobalSection
	GlobalSection(ExtensibilityGlobals) = postSolution
		SolutionGuid = {C17F14E9-DFAD-461D-B1AC-5AB23CF49DB2}
	EndGlobalSection
EndGlobal
